
Microsoft Visual Studio Solution File, Format Version 12.00
# Visual Studio 15
VisualStudioVersion = 15.0.26403.3
MinimumVisualStudioVersion = 10.0.40219.1
Project("{FAE04EC0-301F-11D3-BF4B-00C04F79EFBC}") = "Elementary_Task_3", "Elementary_Task_3\Elementary_Task_3.csproj", "{5DFBEE38-DCB3-4180-8A18-0D59876DE5AB}"
EndProject
Project("{FAE04EC0-301F-11D3-BF4B-00C04F79EFBC}") = "TriangleUnitTest", "TriangleUnitTest\TriangleUnitTest.csproj", "{ACA8412B-9D85-47D8-901E-EC7E7EDF1AE6}"
EndProject
Global
	GlobalSection(SolutionConfigurationPlatforms) = preSolution
		Debug|Any CPU = Debug|Any CPU
		Release|Any CPU = Release|Any CPU
	EndGlobalSection
	GlobalSection(ProjectConfigurationPlatforms) = postSolution
		{5DFBEE38-DCB3-4180-8A18-0D59876DE5AB}.Debug|Any CPU.ActiveCfg = Debug|Any CPU
		{5DFBEE38-DCB3-4180-8A18-0D59876DE5AB}.Debug|Any CPU.Build.0 = Debug|Any CPU
		{5DFBEE38-DCB3-4180-8A18-0D59876DE5AB}.Release|Any CPU.ActiveCfg = Release|Any CPU
		{5DFBEE38-DCB3-4180-8A18-0D59876DE5AB}.Release|Any CPU.Build.0 = Release|Any CPU
		{ACA8412B-9D85-47D8-901E-EC7E7EDF1AE6}.Debug|Any CPU.ActiveCfg = Debug|Any CPU
		{ACA8412B-9D85-47D8-901E-EC7E7EDF1AE6}.Debug|Any CPU.Build.0 = Debug|Any CPU
		{ACA8412B-9D85-47D8-901E-EC7E7EDF1AE6}.Release|Any CPU.ActiveCfg = Release|Any CPU
		{ACA8412B-9D85-47D8-901E-EC7E7EDF1AE6}.Release|Any CPU.Build.0 = Release|Any CPU
	EndGlobalSection
	GlobalSection(SolutionProperties) = preSolution
		HideSolutionNode = FALSE
	EndGlobalSection
	GlobalSection(ExtensibilityGlobals) = postSolution
		SolutionGuid = {63D52549-821A-40CD-9BFE-5AB77C8AC3D8}
	EndGlobalSection
EndGlobal
